
Microsoft Visual Studio Solution File, Format Version 12.00
# Visual Studio Version 17
VisualStudioVersion = 17.0.31903.59
MinimumVisualStudioVersion = 10.0.40219.1
Project("{FAE04EC0-301F-11D3-BF4B-00C04F79EFBC}") = "AuthService.API", "BackendServices\AuthService\AuthService.API\AuthService.API.csproj", "{C31183BE-F61D-E47D-76E9-23B6005F2B79}"
EndProject
Project("{2150E333-8FDC-42A3-9474-1A3956D46DE8}") = "BackServices", "BackServices", "{02EA681E-C7D8-13C7-8484-4AC65E1B71E8}"
EndProject
Project("{2150E333-8FDC-42A3-9474-1A3956D46DE8}") = "AuthService", "AuthService", "{2FA13545-3D46-48AB-B7C5-8E031BAE4838}"
EndProject
Project("{FAE04EC0-301F-11D3-BF4B-00C04F79EFBC}") = "AuthService.Application", "BackendServices\AuthService\AuthService.Application\AuthService.Application.csproj", "{4240D97D-07A3-1BAC-DF10-06BD440FA388}"
EndProject
Project("{FAE04EC0-301F-11D3-BF4B-00C04F79EFBC}") = "AuthService.Domain", "BackendServices\AuthService\AuthService.Domain\AuthService.Domain.csproj", "{728289E5-A272-0C88-A6D4-0F3A238374FB}"
EndProject
Project("{FAE04EC0-301F-11D3-BF4B-00C04F79EFBC}") = "AuthService.Infrastructure", "BackendServices\AuthService\AuthService.Infrastructure\AuthService.Infrastructure.csproj", "{263BE117-38D7-DB73-35F3-0A1F57899F52}"
EndProject
Project("{2150E333-8FDC-42A3-9474-1A3956D46DE8}") = "BookService", "BookService", "{E767C994-0555-4F98-8CA2-C03BB97D3C34}"
EndProject
Project("{FAE04EC0-301F-11D3-BF4B-00C04F79EFBC}") = "BookService.API", "BackendServices\BookService\BookService.API\BookService.API.csproj", "{C682E594-4FF2-31CD-44D1-0543168221CF}"
EndProject
Project("{FAE04EC0-301F-11D3-BF4B-00C04F79EFBC}") = "BookService.Domain", "BackendServices\BookService\BookService.Domain\BookService.Domain.csproj", "{E28A900D-5CF6-B245-F22E-0B6B8AA57231}"
EndProject
Project("{FAE04EC0-301F-11D3-BF4B-00C04F79EFBC}") = "BookService.Application", "BackendServices\BookService\BookService.Application\BookService.Application.csproj", "{9ECA0283-2174-E634-0770-0FCDAEEE60B2}"
EndProject
Project("{FAE04EC0-301F-11D3-BF4B-00C04F79EFBC}") = "BookService.Infrastructure", "BackendServices\BookService\BookService.Infrastructure\BookService.Infrastructure.csproj", "{B706E4E7-8630-FE44-CED5-B079BAB1AF3B}"
EndProject
Project("{2150E333-8FDC-42A3-9474-1A3956D46DE8}") = "CartService", "CartService", "{DAD4197E-F78C-4544-A18F-743B46F87111}"
EndProject
Project("{FAE04EC0-301F-11D3-BF4B-00C04F79EFBC}") = "CartService.API", "BackendServices\CartService\CartService.API\CartService.API.csproj", "{0D889D36-B313-EA01-1A68-1131E3E9E63D}"
EndProject
Project("{FAE04EC0-301F-11D3-BF4B-00C04F79EFBC}") = "CartService.Application", "BackendServices\CartService\CartService.Application\CartService.Application.csproj", "{069936B2-336B-BBE1-A57A-718B22EC83B4}"
EndProject
Project("{FAE04EC0-301F-11D3-BF4B-00C04F79EFBC}") = "CartService.Domain", "BackendServices\CartService\CartService.Domain\CartService.Domain.csproj", "{10DCA784-CC05-D63E-D521-7ED2BC971B8B}"
EndProject
Project("{FAE04EC0-301F-11D3-BF4B-00C04F79EFBC}") = "CartService.Infrastructure", "BackendServices\CartService\CartService.Infrastructure\CartService.Infrastructure.csproj", "{28AFF668-7C29-40C2-5C44-C984ADE529FA}"
EndProject
Global
	GlobalSection(SolutionConfigurationPlatforms) = preSolution
		Debug|Any CPU = Debug|Any CPU
		Release|Any CPU = Release|Any CPU
	EndGlobalSection
	GlobalSection(ProjectConfigurationPlatforms) = postSolution
		{C31183BE-F61D-E47D-76E9-23B6005F2B79}.Debug|Any CPU.ActiveCfg = Debug|Any CPU
		{C31183BE-F61D-E47D-76E9-23B6005F2B79}.Debug|Any CPU.Build.0 = Debug|Any CPU
		{C31183BE-F61D-E47D-76E9-23B6005F2B79}.Release|Any CPU.ActiveCfg = Release|Any CPU
		{C31183BE-F61D-E47D-76E9-23B6005F2B79}.Release|Any CPU.Build.0 = Release|Any CPU
		{4240D97D-07A3-1BAC-DF10-06BD440FA388}.Debug|Any CPU.ActiveCfg = Debug|Any CPU
		{4240D97D-07A3-1BAC-DF10-06BD440FA388}.Debug|Any CPU.Build.0 = Debug|Any CPU
		{4240D97D-07A3-1BAC-DF10-06BD440FA388}.Release|Any CPU.ActiveCfg = Release|Any CPU
		{4240D97D-07A3-1BAC-DF10-06BD440FA388}.Release|Any CPU.Build.0 = Release|Any CPU
		{728289E5-A272-0C88-A6D4-0F3A238374FB}.Debug|Any CPU.ActiveCfg = Debug|Any CPU
		{728289E5-A272-0C88-A6D4-0F3A238374FB}.Debug|Any CPU.Build.0 = Debug|Any CPU
		{728289E5-A272-0C88-A6D4-0F3A238374FB}.Release|Any CPU.ActiveCfg = Release|Any CPU
		{728289E5-A272-0C88-A6D4-0F3A238374FB}.Release|Any CPU.Build.0 = Release|Any CPU
		{263BE117-38D7-DB73-35F3-0A1F57899F52}.Debug|Any CPU.ActiveCfg = Debug|Any CPU
		{263BE117-38D7-DB73-35F3-0A1F57899F52}.Debug|Any CPU.Build.0 = Debug|Any CPU
		{263BE117-38D7-DB73-35F3-0A1F57899F52}.Release|Any CPU.ActiveCfg = Release|Any CPU
		{263BE117-38D7-DB73-35F3-0A1F57899F52}.Release|Any CPU.Build.0 = Release|Any CPU
		{C682E594-4FF2-31CD-44D1-0543168221CF}.Debug|Any CPU.ActiveCfg = Debug|Any CPU
		{C682E594-4FF2-31CD-44D1-0543168221CF}.Debug|Any CPU.Build.0 = Debug|Any CPU
		{C682E594-4FF2-31CD-44D1-0543168221CF}.Release|Any CPU.ActiveCfg = Release|Any CPU
		{C682E594-4FF2-31CD-44D1-0543168221CF}.Release|Any CPU.Build.0 = Release|Any CPU
		{E28A900D-5CF6-B245-F22E-0B6B8AA57231}.Debug|Any CPU.ActiveCfg = Debug|Any CPU
		{E28A900D-5CF6-B245-F22E-0B6B8AA57231}.Debug|Any CPU.Build.0 = Debug|Any CPU
		{E28A900D-5CF6-B245-F22E-0B6B8AA57231}.Release|Any CPU.ActiveCfg = Release|Any CPU
		{E28A900D-5CF6-B245-F22E-0B6B8AA57231}.Release|Any CPU.Build.0 = Release|Any CPU
		{9ECA0283-2174-E634-0770-0FCDAEEE60B2}.Debug|Any CPU.ActiveCfg = Debug|Any CPU
		{9ECA0283-2174-E634-0770-0FCDAEEE60B2}.Debug|Any CPU.Build.0 = Debug|Any CPU
		{9ECA0283-2174-E634-0770-0FCDAEEE60B2}.Release|Any CPU.ActiveCfg = Release|Any CPU
		{9ECA0283-2174-E634-0770-0FCDAEEE60B2}.Release|Any CPU.Build.0 = Release|Any CPU
		{B706E4E7-8630-FE44-CED5-B079BAB1AF3B}.Debug|Any CPU.ActiveCfg = Debug|Any CPU
		{B706E4E7-8630-FE44-CED5-B079BAB1AF3B}.Debug|Any CPU.Build.0 = Debug|Any CPU
		{B706E4E7-8630-FE44-CED5-B079BAB1AF3B}.Release|Any CPU.ActiveCfg = Release|Any CPU
		{B706E4E7-8630-FE44-CED5-B079BAB1AF3B}.Release|Any CPU.Build.0 = Release|Any CPU
		{0D889D36-B313-EA01-1A68-1131E3E9E63D}.Debug|Any CPU.ActiveCfg = Debug|Any CPU
		{0D889D36-B313-EA01-1A68-1131E3E9E63D}.Debug|Any CPU.Build.0 = Debug|Any CPU
		{0D889D36-B313-EA01-1A68-1131E3E9E63D}.Release|Any CPU.ActiveCfg = Release|Any CPU
		{0D889D36-B313-EA01-1A68-1131E3E9E63D}.Release|Any CPU.Build.0 = Release|Any CPU
		{069936B2-336B-BBE1-A57A-718B22EC83B4}.Debug|Any CPU.ActiveCfg = Debug|Any CPU
		{069936B2-336B-BBE1-A57A-718B22EC83B4}.Debug|Any CPU.Build.0 = Debug|Any CPU
		{069936B2-336B-BBE1-A57A-718B22EC83B4}.Release|Any CPU.ActiveCfg = Release|Any CPU
		{069936B2-336B-BBE1-A57A-718B22EC83B4}.Release|Any CPU.Build.0 = Release|Any CPU
		{10DCA784-CC05-D63E-D521-7ED2BC971B8B}.Debug|Any CPU.ActiveCfg = Debug|Any CPU
		{10DCA784-CC05-D63E-D521-7ED2BC971B8B}.Debug|Any CPU.Build.0 = Debug|Any CPU
		{10DCA784-CC05-D63E-D521-7ED2BC971B8B}.Release|Any CPU.ActiveCfg = Release|Any CPU
		{10DCA784-CC05-D63E-D521-7ED2BC971B8B}.Release|Any CPU.Build.0 = Release|Any CPU
		{28AFF668-7C29-40C2-5C44-C984ADE529FA}.Debug|Any CPU.ActiveCfg = Debug|Any CPU
		{28AFF668-7C29-40C2-5C44-C984ADE529FA}.Debug|Any CPU.Build.0 = Debug|Any CPU
		{28AFF668-7C29-40C2-5C44-C984ADE529FA}.Release|Any CPU.ActiveCfg = Release|Any CPU
		{28AFF668-7C29-40C2-5C44-C984ADE529FA}.Release|Any CPU.Build.0 = Release|Any CPU
	EndGlobalSection
	GlobalSection(SolutionProperties) = preSolution
		HideSolutionNode = FALSE
	EndGlobalSection
	GlobalSection(NestedProjects) = preSolution
		{C31183BE-F61D-E47D-76E9-23B6005F2B79} = {2FA13545-3D46-48AB-B7C5-8E031BAE4838}
		{2FA13545-3D46-48AB-B7C5-8E031BAE4838} = {02EA681E-C7D8-13C7-8484-4AC65E1B71E8}
		{4240D97D-07A3-1BAC-DF10-06BD440FA388} = {2FA13545-3D46-48AB-B7C5-8E031BAE4838}
		{728289E5-A272-0C88-A6D4-0F3A238374FB} = {2FA13545-3D46-48AB-B7C5-8E031BAE4838}
		{263BE117-38D7-DB73-35F3-0A1F57899F52} = {2FA13545-3D46-48AB-B7C5-8E031BAE4838}
		{E767C994-0555-4F98-8CA2-C03BB97D3C34} = {02EA681E-C7D8-13C7-8484-4AC65E1B71E8}
		{C682E594-4FF2-31CD-44D1-0543168221CF} = {E767C994-0555-4F98-8CA2-C03BB97D3C34}
		{E28A900D-5CF6-B245-F22E-0B6B8AA57231} = {E767C994-0555-4F98-8CA2-C03BB97D3C34}
		{9ECA0283-2174-E634-0770-0FCDAEEE60B2} = {E767C994-0555-4F98-8CA2-C03BB97D3C34}
		{B706E4E7-8630-FE44-CED5-B079BAB1AF3B} = {E767C994-0555-4F98-8CA2-C03BB97D3C34}
		{DAD4197E-F78C-4544-A18F-743B46F87111} = {02EA681E-C7D8-13C7-8484-4AC65E1B71E8}
		{0D889D36-B313-EA01-1A68-1131E3E9E63D} = {DAD4197E-F78C-4544-A18F-743B46F87111}
		{069936B2-336B-BBE1-A57A-718B22EC83B4} = {DAD4197E-F78C-4544-A18F-743B46F87111}
		{10DCA784-CC05-D63E-D521-7ED2BC971B8B} = {DAD4197E-F78C-4544-A18F-743B46F87111}
		{28AFF668-7C29-40C2-5C44-C984ADE529FA} = {DAD4197E-F78C-4544-A18F-743B46F87111}
	EndGlobalSection
	GlobalSection(ExtensibilityGlobals) = postSolution
		SolutionGuid = {EC8D2E3E-69F9-4BA5-9886-5EC2667911B5}
	EndGlobalSection
EndGlobal
